dependencies:
- name: apm-hub
  repository: https://flanksource.github.io/charts
  version: 0.0.47
- name: config-db
  repository: https://flanksource.github.io/charts
  version: 0.0.1281
- name: canary-checker
  repository: https://flanksource.github.io/charts
  version: 1.1.3-beta.92
- name: flanksource-ui
  repository: https://flanksource.github.io/charts
  version: 1.4.230
- name: kratos
  repository: https://k8s.ory.sh/helm/charts
  version: 0.60.1
- name: mission-control-kubernetes-view
  repository: https://flanksource.github.io/charts
  version: 0.1.37
- name: mission-control-misc-playbooks
  repository: https://flanksource.github.io/charts
  version: 0.1.2
digest: sha256:e021bb53448a186cf0b8a64baac7be9ea038b91a6c3515745013bd164dc0d018
generated: "2026-04-03T14:07:06.690318+05:45"
