dependencies:
- name: apm-hub
  repository: https://flanksource.github.io/charts
  version: 0.0.47
- name: config-db
  repository: https://flanksource.github.io/charts
  version: 0.0.1182
- name: canary-checker
  repository: https://flanksource.github.io/charts
  version: 1.1.3-beta.81
- name: flanksource-ui
  repository: https://flanksource.github.io/charts
  version: 1.4.184
- name: kratos
  repository: https://k8s.ory.sh/helm/charts
  version: 0.32.0
- name: mission-control-kubernetes-view
  repository: https://flanksource.github.io/charts
  version: 0.1.37
- name: mission-control-misc-playbooks
  repository: https://flanksource.github.io/charts
  version: 0.1.1
digest: sha256:21ac3fc759f82257c1f7ae8aa21d9d09628bd5ca476faa94e516e8447c8f88b9
generated: "2026-02-19T14:36:49.964262+05:45"
